{
    "_readme": [
        "This file locks the dependencies of your project to a known state",
        "Read more about it at https://getcomposer.org/doc/01-basic-usage.md#composer-lock-the-lock-file",
        "This file is @generated automatically"
    ],
    "hash": "d3381e699e9381a4bab5bd1a9ec33435",
    "content-hash": "1fbc23492c9634b9c0229cc398a8af7b",
    "packages": [
        {
            "name": "helhum/class-alias-loader",
            "version": "1.1.4",
            "source": {
                "type": "git",
                "url": "https://github.com/helhum/class-alias-loader.git",
                "reference": "99c59fffbae4260685bf72a5b34f2d79304903c8"
            },
            "dist": {
                "type": "zip",
                "url": "https://api.github.com/repos/helhum/class-alias-loader/zipball/99c59fffbae4260685bf72a5b34f2d79304903c8",
                "reference": "99c59fffbae4260685bf72a5b34f2d79304903c8",
                "shasum": ""
            },
            "require": {
                "composer-plugin-api": "1.0.0"
            },
            "type": "composer-plugin",
            "extra": {
                "class": "Helhum\\ClassAliasLoader\\Composer\\Plugin",
                "branch-alias": {
                    "dev-master": "1.1.x-dev"
                }
            },
            "autoload": {
                "psr-4": {
                    "Helhum\\ClassAliasLoader\\": "Classes/"
                }
            },
            "notification-url": "https://packagist.org/downloads/",
            "license": [
                "MIT"
            ],
            "authors": [
                {
                    "name": "Helmut Hummel",
                    "email": "info@helhum.io"
                }
            ],
            "description": "Amends the composer class loader to support class aliases to provide backwards compatibility for packages",
            "homepage": "http://github.com/helhum/class-alias-loader",
            "keywords": [
                "alias",
                "autoloader",
                "classloader",
                "composer"
            ],
            "time": "2015-04-27 12:45:04"
        },
        {
            "name": "lightwerk/coreapi",
            "version": "dev-master",
            "source": {
                "type": "git",
                "url": "https://github.com/lightwerk/ext-coreapi.git",
                "reference": "24b4ef89d44089047b5c3679f3fac44fbecb7d50"
            },
            "dist": {
                "type": "zip",
                "url": "https://api.github.com/repos/lightwerk/ext-coreapi/zipball/c35a9b2735e07c87356472baf67e0807b7e4ca54",
                "reference": "24b4ef89d44089047b5c3679f3fac44fbecb7d50",
                "shasum": ""
            },
            "type": "typo3-cms-extension",
            "authors": [
                {
                    "name": "Tobias Liebig",
                    "homepage": "http://etobi.de"
                },
                {
                    "name": "Stefano Kowalke"
                }
            ],
            "description": "Provides a simple to use API for common core features. Goal is to be able to do the most common tasks by CLI instead of doing it in the backend/browser.",
            "keywords": [
                "cli",
                "commandline",
                "deployment",
                "extension",
                "typo3"
            ],
            "support": {
                "source": "https://github.com/lightwerk/ext-coreapi/tree/master"
            },
            "time": "2015-05-08 14:40:39"
        },
        {
            "name": "typo3-ter/realurl",
            "version": "1.13.4",
            "dist": {
                "type": "t3x",
                "url": "http://typo3.org/extensions/repository/download/realurl/1.13.4/t3x/",
                "reference": null,
                "shasum": null
            },
            "require": {
                "php": ">= 5.3.2, <= 5.999.999",
                "typo3/cms": ">= 4.5.40, <= 7.9.999"
            },
            "conflict": {
                "typo3-ter/cooluri": "*",
                "typo3-ter/simulatestatic": "*"
            },
            "type": "typo3-cms-extension",
            "autoload": {
                "classmap": [
                    ""
                ]
            },
            "authors": [
                {
                    "name": "Dmitry Dulepov",
                    "email": "dmitry.dulepov@gmail.com",
                    "company": "",
                    "username": "dmitry"
                }
            ],
            "description": "Creates nice looking URLs for TYPO3 pages: converts http://example.com/index.phpid12345&L2 to http://example.com/path/to/your/page/. Please, ask for free support in TYPO3 mailing lists or contact the maintainer for paid support.",
            "time": "2015-08-28 13:59:43"
        },
        {
            "name": "typo3/cms",
            "version": "6.2.12",
            "source": {
                "type": "git",
                "url": "https://github.com/TYPO3/TYPO3.CMS.git",
                "reference": "1fece4341b5bb18137f2fd60c34e30638b8eeef3"
            },
            "dist": {
                "type": "tar",
                "url": "https://api.github.com/repos/TYPO3/TYPO3.CMS/zipball/1fece4341b5bb18137f2fd60c34e30638b8eeef3",
                "reference": "6.2.12",
                "shasum": "41775b361eb89c45195820cba8c8e3085dfa9f5d"
            },
            "require": {
                "ext-fileinfo": "*",
                "ext-pcre": "*",
                "ext-session": "*",
                "ext-xml": "*",
                "helhum/class-alias-loader": "1.1.*@dev",
                "php": ">=5.3.7",
                "typo3/cms-composer-installers": "1.1.*@dev"
            },
            "replace": {
                "typo3/cms-about": "self.version",
                "typo3/cms-aboutmodules": "self.version",
                "typo3/cms-adodb": "self.version",
                "typo3/cms-backend": "self.version",
                "typo3/cms-belog": "self.version",
                "typo3/cms-beuser": "self.version",
                "typo3/cms-cms": "self.version",
                "typo3/cms-context-help": "self.version",
                "typo3/cms-core": "self.version",
                "typo3/cms-cshmanual": "self.version",
                "typo3/cms-css-styled-content": "self.version",
                "typo3/cms-dbal": "self.version",
                "typo3/cms-documentation": "self.version",
                "typo3/cms-extbase": "self.version",
                "typo3/cms-extensionmanager": "self.version",
                "typo3/cms-extra-page-cm-options": "self.version",
                "typo3/cms-feedit": "self.version",
                "typo3/cms-felogin": "self.version",
                "typo3/cms-filelist": "self.version",
                "typo3/cms-filemetadata": "self.version",
                "typo3/cms-fluid": "self.version",
                "typo3/cms-form": "self.version",
                "typo3/cms-frontend": "self.version",
                "typo3/cms-func": "self.version",
                "typo3/cms-func-wizards": "self.version",
                "typo3/cms-impexp": "self.version",
                "typo3/cms-indexed-search": "self.version",
                "typo3/cms-indexed-search-mysql": "self.version",
                "typo3/cms-info": "self.version",
                "typo3/cms-info-pagetsconfig": "self.version",
                "typo3/cms-install": "self.version",
                "typo3/cms-lang": "self.version",
                "typo3/cms-linkvalidator": "self.version",
                "typo3/cms-lowlevel": "self.version",
                "typo3/cms-opendocs": "self.version",
                "typo3/cms-openid": "self.version",
                "typo3/cms-perm": "self.version",
                "typo3/cms-recordlist": "self.version",
                "typo3/cms-recycler": "self.version",
                "typo3/cms-reports": "self.version",
                "typo3/cms-rsaauth": "self.version",
                "typo3/cms-rtehtmlarea": "self.version",
                "typo3/cms-saltedpasswords": "self.version",
                "typo3/cms-scheduler": "self.version",
                "typo3/cms-setup": "self.version",
                "typo3/cms-sv": "self.version",
                "typo3/cms-sys-action": "self.version",
                "typo3/cms-sys-note": "self.version",
                "typo3/cms-t3editor": "self.version",
                "typo3/cms-t3skin": "self.version",
                "typo3/cms-taskcenter": "self.version",
                "typo3/cms-tstemplate": "self.version",
                "typo3/cms-version": "self.version",
                "typo3/cms-viewpage": "self.version",
                "typo3/cms-wizard-crpages": "self.version",
                "typo3/cms-wizard-sortpages": "self.version",
                "typo3/cms-workspaces": "self.version"
            },
            "require-dev": {
                "mikey179/vfsstream": "1.3.*@dev",
                "phpunit/phpunit": "~4.5.0"
            },
            "suggest": {
                "ext-gd": "GDlib/Freetype is required for building images with text (GIFBUILDER) and can also be used to scale images",
                "ext-openssl": "",
                "ext-soap": "",
                "ext-zip": "",
                "ext-zlib": "TYPO3 uses zlib for amongst others output compression and un/packing t3x extension files"
            },
            "type": "typo3-cms-core",
            "extra": {
                "branch-alias": {
                    "dev-TYPO3_6-2": "6.2.x-dev"
                },
                "autoload-case-sensitivity": false,
                "class-alias-maps": [
                    "typo3/sysext/backend/Migrations/Code/ClassAliasMap.php",
                    "typo3/sysext/core/Migrations/Code/ClassAliasMap.php",
                    "typo3/sysext/cshmanual/Migrations/Code/ClassAliasMap.php",
                    "typo3/sysext/extbase/Migrations/Code/ClassAliasMap.php",
                    "typo3/sysext/extensionmanager/Migrations/Code/ClassAliasMap.php",
                    "typo3/sysext/fluid/Migrations/Code/ClassAliasMap.php",
                    "typo3/sysext/frontend/Migrations/Code/ClassAliasMap.php",
                    "typo3/sysext/install/Migrations/Code/ClassAliasMap.php",
                    "typo3/sysext/lang/Migrations/Code/ClassAliasMap.php",
                    "typo3/sysext/recordlist/Migrations/Code/ClassAliasMap.php",
                    "typo3/sysext/saltedpasswords/Migrations/Code/ClassAliasMap.php",
                    "typo3/sysext/sv/Migrations/Code/ClassAliasMap.php"
                ]
            },
            "autoload": {
                "psr-0": {
                    "TYPO3\\Flow\\": "typo3/sysext/core/Resources/PHP/TYPO3.Flow/Classes/"
                },
                "psr-4": {
                    "Psr\\Log\\": "typo3/contrib/Psr/Log/",
                    "TYPO3\\CMS\\Backend\\": "typo3/sysext/backend/Classes/",
                    "TYPO3\\CMS\\Core\\": "typo3/sysext/core/Classes/",
                    "TYPO3\\CMS\\Cshmanual\\": "typo3/sysext/cshmanual/Classes/",
                    "TYPO3\\CMS\\Extbase\\": "typo3/sysext/extbase/Classes/",
                    "TYPO3\\CMS\\Extensionmanager\\": "typo3/sysext/extensionmanager/Classes/",
                    "TYPO3\\CMS\\Fluid\\": "typo3/sysext/fluid/Classes/",
                    "TYPO3\\CMS\\Frontend\\": "typo3/sysext/frontend/Classes/",
                    "TYPO3\\CMS\\Install\\": "typo3/sysext/install/Classes/",
                    "TYPO3\\CMS\\Lang\\": "typo3/sysext/lang/Classes/",
                    "TYPO3\\CMS\\Recordlist\\": "typo3/sysext/recordlist/Classes/",
                    "TYPO3\\CMS\\Saltedpasswords\\": "typo3/sysext/saltedpasswords/Classes/",
                    "TYPO3\\CMS\\Sv\\": "typo3/sysext/sv/Classes/"
                }
            },
            "notification-url": "https://packagist.org/downloads/",
            "license": [
                "GPL-2.0+"
            ],
            "authors": [
                {
                    "name": "TYPO3 CMS Core Team",
                    "homepage": "http://forge.typo3.org/projects/typo3cms-core",
                    "role": "Developer"
                },
                {
                    "name": "The TYPO3 Community",
                    "homepage": "https://typo3.org/community/",
                    "role": "Contributor"
                }
            ],
            "description": "TYPO3 CMS is a free open source Content Management Framework initially created by Kasper Skaarhoj and licensed under GNU/GPL.",
            "homepage": "http://typo3.org/",
            "keywords": [
                "Content management system",
                "cms",
                "extbase",
                "typo3"
            ],
            "time": "2015-04-16 07:29:48"
        },
        {
            "name": "typo3/cms-composer-installers",
            "version": "1.1.2",
            "source": {
                "type": "git",
                "url": "https://github.com/TYPO3/CmsComposerInstallers.git",
                "reference": "983e618b79c8955d868ec948d75c82c15df0c3b0"
            },
            "dist": {
                "type": "zip",
                "url": "https://api.github.com/repos/TYPO3/CmsComposerInstallers/zipball/983e618b79c8955d868ec948d75c82c15df0c3b0",
                "reference": "983e618b79c8955d868ec948d75c82c15df0c3b0",
                "shasum": ""
            },
            "require": {
                "composer-plugin-api": "1.0.0"
            },
            "replace": {
                "lw/typo3cms-installers": "*",
                "netresearch/composer-installers": "*"
            },
            "require-dev": {
                "composer/composer": "1.*"
            },
            "type": "composer-plugin",
            "extra": {
                "class": "TYPO3\\CMS\\Composer\\Installer\\Plugin",
                "branch-alias": {
                    "dev-master": "1.1.x-dev"
                }
            },
            "autoload": {
                "psr-0": {
                    "": "Classes/"
                }
            },
            "notification-url": "https://packagist.org/downloads/",
            "license": [
                "GPL-2.0+"
            ],
            "authors": [
                {
                    "name": "Christian Opitz",
                    "email": "christian.opitz@netresearch.de"
                },
                {
                    "name": "Lars Peipmann",
                    "email": "lars@peipmann.de"
                }
            ],
            "description": "TYPO3 CMS Installers",
            "homepage": "http://forge.typo3.org/projects/team-composer",
            "keywords": [
                "cms",
                "core",
                "extension",
                "installer",
                "typo3"
            ],
            "time": "2014-12-14 21:40:52"
        }
    ],
    "packages-dev": [],
    "aliases": [],
    "minimum-stability": "stable",
    "stability-flags": {
        "lightwerk/coreapi": 20
    },
    "prefer-stable": false,
    "prefer-lowest": false,
    "platform": [],
    "platform-dev": []
}
